
Microsoft Visual Studio Solution File, Format Version 12.00
# Visual Studio Version 17
VisualStudioVersion = 17.8.34330.188
MinimumVisualStudioVersion = 10.0.40219.1
Project("{9A19103F-16F7-4668-BE54-9A1E7A4F7556}") = "SurfaceVisualizer", "SurfaceVisualizer\SurfaceVisualizer.csproj", "{91CB857F-4D0A-4B17-8F9F-D91F2D79E2CB}"
EndProject
Project("{9A19103F-16F7-4668-BE54-9A1E7A4F7556}") = "PlaneCutter", "PlaneCutter\PlaneCutter.csproj", "{71A42E83-03B6-4A7E-A75F-56A7356E6DCA}"
EndProject
Project("{FAE04EC0-301F-11D3-BF4B-00C04F79EFBC}") = "ModelSplitter", "ModelSplitter\ModelSplitter.csproj", "{2EB70165-3BCC-49F0-BCFC-B2E2EB738C51}"
EndProject
Project("{FAE04EC0-301F-11D3-BF4B-00C04F79EFBC}") = "VisualDebugger", "VisualDebugger\VisualDebugger.csproj", "{B36981D0-8DE2-47FB-A604-50C10CED4726}"
EndProject
Project("{FAE04EC0-301F-11D3-BF4B-00C04F79EFBC}") = "Common", "Common\Common.csproj", "{BC5632A5-6868-489D-8C64-8EA270BFDC3E}"
EndProject
Global
	GlobalSection(SolutionConfigurationPlatforms) = preSolution
		Debug|Any CPU = Debug|Any CPU
		Release|Any CPU = Release|Any CPU
	EndGlobalSection
	GlobalSection(ProjectConfigurationPlatforms) = postSolution
		{91CB857F-4D0A-4B17-8F9F-D91F2D79E2CB}.Debug|Any CPU.ActiveCfg = Debug|Any CPU
		{91CB857F-4D0A-4B17-8F9F-D91F2D79E2CB}.Debug|Any CPU.Build.0 = Debug|Any CPU
		{91CB857F-4D0A-4B17-8F9F-D91F2D79E2CB}.Release|Any CPU.ActiveCfg = Release|Any CPU
		{91CB857F-4D0A-4B17-8F9F-D91F2D79E2CB}.Release|Any CPU.Build.0 = Release|Any CPU
		{71A42E83-03B6-4A7E-A75F-56A7356E6DCA}.Debug|Any CPU.ActiveCfg = Debug|Any CPU
		{71A42E83-03B6-4A7E-A75F-56A7356E6DCA}.Debug|Any CPU.Build.0 = Debug|Any CPU
		{71A42E83-03B6-4A7E-A75F-56A7356E6DCA}.Release|Any CPU.ActiveCfg = Release|Any CPU
		{71A42E83-03B6-4A7E-A75F-56A7356E6DCA}.Release|Any CPU.Build.0 = Release|Any CPU
		{2EB70165-3BCC-49F0-BCFC-B2E2EB738C51}.Debug|Any CPU.ActiveCfg = Debug|Any CPU
		{2EB70165-3BCC-49F0-BCFC-B2E2EB738C51}.Debug|Any CPU.Build.0 = Debug|Any CPU
		{2EB70165-3BCC-49F0-BCFC-B2E2EB738C51}.Release|Any CPU.ActiveCfg = Release|Any CPU
		{2EB70165-3BCC-49F0-BCFC-B2E2EB738C51}.Release|Any CPU.Build.0 = Release|Any CPU
		{B36981D0-8DE2-47FB-A604-50C10CED4726}.Debug|Any CPU.ActiveCfg = Debug|Any CPU
		{B36981D0-8DE2-47FB-A604-50C10CED4726}.Debug|Any CPU.Build.0 = Debug|Any CPU
		{B36981D0-8DE2-47FB-A604-50C10CED4726}.Release|Any CPU.ActiveCfg = Release|Any CPU
		{B36981D0-8DE2-47FB-A604-50C10CED4726}.Release|Any CPU.Build.0 = Release|Any CPU
		{BC5632A5-6868-489D-8C64-8EA270BFDC3E}.Debug|Any CPU.ActiveCfg = Debug|Any CPU
		{BC5632A5-6868-489D-8C64-8EA270BFDC3E}.Debug|Any CPU.Build.0 = Debug|Any CPU
		{BC5632A5-6868-489D-8C64-8EA270BFDC3E}.Release|Any CPU.ActiveCfg = Release|Any CPU
		{BC5632A5-6868-489D-8C64-8EA270BFDC3E}.Release|Any CPU.Build.0 = Release|Any CPU
	EndGlobalSection
	GlobalSection(SolutionProperties) = preSolution
		HideSolutionNode = FALSE
	EndGlobalSection
	GlobalSection(ExtensibilityGlobals) = postSolution
		SolutionGuid = {94BF5AF7-0C93-49D4-8F67-CE4282B4C442}
	EndGlobalSection
EndGlobal
